
Microsoft Visual Studio Solution File, Format Version 12.00
# Visual Studio Version 17
VisualStudioVersion = 17.5.33414.496
MinimumVisualStudioVersion = 10.0.40219.1
Project("{FAE04EC0-301F-11D3-BF4B-00C04F79EFBC}") = "hometask77", "hometask77.csproj", "{386E9128-7FB4-451D-9CBF-41BFFD8B62DA}"
EndProject
Global
	GlobalSection(SolutionConfigurationPlatforms) = preSolution
		Debug|Any CPU = Debug|Any CPU
		Release|Any CPU = Release|Any CPU
	EndGlobalSection
	GlobalSection(ProjectConfigurationPlatforms) = postSolution
		{386E9128-7FB4-451D-9CBF-41BFFD8B62DA}.Debug|Any CPU.ActiveCfg = Debug|Any CPU
		{386E9128-7FB4-451D-9CBF-41BFFD8B62DA}.Debug|Any CPU.Build.0 = Debug|Any CPU
		{386E9128-7FB4-451D-9CBF-41BFFD8B62DA}.Release|Any CPU.ActiveCfg = Release|Any CPU
		{386E9128-7FB4-451D-9CBF-41BFFD8B62DA}.Release|Any CPU.Build.0 = Release|Any CPU
	EndGlobalSection
	GlobalSection(SolutionProperties) = preSolution
		HideSolutionNode = FALSE
	EndGlobalSection
	GlobalSection(ExtensibilityGlobals) = postSolution
		SolutionGuid = {C580FD68-90CF-43FD-B0AC-DFB0768856CF}
	EndGlobalSection
EndGlobal
